// !$*UTF8*$!
{
	archiveVersion = 1;
	classes = {
	};
	objectVersion = 48;
	objects = {

/* Begin PBXBuildFile section */
		04A767E71FBA5515002A2193 /* AppDelegate.swift in Sources */ = {isa = PBXBuildFile; fileRef = 04A767E61FBA5515002A2193 /* AppDelegate.swift */; };
		04A767EC1FBA5515002A2193 /* Main.storyboard in Resources */ = {isa = PBXBuildFile; fileRef = 04A767EA1FBA5515002A2193 /* Main.storyboard */; };
		04A767EF1FBA5515002A2193 /* PokemonCoreData.xcdatamodeld in Sources */ = {isa = PBXBuildFile; fileRef = 04A767ED1FBA5515002A2193 /* PokemonCoreData.xcdatamodeld */; };
		04A767F11FBA5515002A2193 /* Assets.xcassets in Resources */ = {isa = PBXBuildFile; fileRef = 04A767F01FBA5515002A2193 /* Assets.xcassets */; };
		04A767F41FBA5515002A2193 /* LaunchScreen.storyboard in Resources */ = {isa = PBXBuildFile; fileRef = 04A767F21FBA5515002A2193 /* LaunchScreen.storyboard */; };
		04A767FF1FBA5516002A2193 /* PokemonCoreDataTests.swift in Sources */ = {isa = PBXBuildFile; fileRef = 04A767FE1FBA5516002A2193 /* PokemonCoreDataTests.swift */; };
		04A7680A1FBA5516002A2193 /* PokemonCoreDataUITests.swift in Sources */ = {isa = PBXBuildFile; fileRef = 04A768091FBA5516002A2193 /* PokemonCoreDataUITests.swift */; };
		04A768181FBA5596002A2193 /* GoogleService-Info.plist in Resources */ = {isa = PBXBuildFile; fileRef = 04A768171FBA5596002A2193 /* GoogleService-Info.plist */; };
		04A7681E1FBA5732002A2193 /* PokemonListViewController.swift in Sources */ = {isa = PBXBuildFile; fileRef = 04A7681D1FBA5732002A2193 /* PokemonListViewController.swift */; };
		04A768201FBA5766002A2193 /* PokemonInformationViewController.swift in Sources */ = {isa = PBXBuildFile; fileRef = 04A7681F1FBA5766002A2193 /* PokemonInformationViewController.swift */; };
		04A768221FBA57C2002A2193 /* LoginViewController.swift in Sources */ = {isa = PBXBuildFile; fileRef = 04A768211FBA57C2002A2193 /* LoginViewController.swift */; };
		04A768241FBA57E5002A2193 /* Networking.swift in Sources */ = {isa = PBXBuildFile; fileRef = 04A768231FBA57E5002A2193 /* Networking.swift */; };
		04A768261FBA57FE002A2193 /* GlobalCache.swift in Sources */ = {isa = PBXBuildFile; fileRef = 04A768251FBA57FE002A2193 /* GlobalCache.swift */; };
		04A768281FBA5817002A2193 /* Pokemon.swift in Sources */ = {isa = PBXBuildFile; fileRef = 04A768271FBA5817002A2193 /* Pokemon.swift */; };
		04A7682A1FBA5839002A2193 /* Constants.swift in Sources */ = {isa = PBXBuildFile; fileRef = 04A768291FBA5839002A2193 /* Constants.swift */; };
		04A7682C1FBA584F002A2193 /* LoginInfo.swift in Sources */ = {isa = PBXBuildFile; fileRef = 04A7682B1FBA584F002A2193 /* LoginInfo.swift */; };
		04A7682E1FBA5861002A2193 /* Extensions.swift in Sources */ = {isa = PBXBuildFile; fileRef = 04A7682D1FBA5861002A2193 /* Extensions.swift */; };
		04A768301FBA5879002A2193 /* PokemonCell.swift in Sources */ = {isa = PBXBuildFile; fileRef = 04A7682F1FBA5879002A2193 /* PokemonCell.swift */; };
		8E02AC3707C3457EEE409E4A /* Pods_PokemonCoreData.framework in Frameworks */ = {isa = PBXBuildFile; fileRef = 009FE7C8AB41E73C3BA9A244 /* Pods_PokemonCoreData.framework */; };
		BF06CE4303018F459E7E08D4 /* Pods_PokemonCoreDataTests.framework in Frameworks */ = {isa = PBXBuildFile; fileRef = 4EEE12062EEB3808F4B6E291 /* Pods_PokemonCoreDataTests.framework */; };
		FC768378FE0F44AB7E6A727D /* Pods_PokemonCoreDataUITests.framework in Frameworks */ = {isa = PBXBuildFile; fileRef = B5AF214B45FAC99254063D6D /* Pods_PokemonCoreDataUITests.framework */; };
/* End PBXBuildFile section */

/* Begin PBXContainerItemProxy section */
		04A767FB1FBA5516002A2193 /* PBXContainerItemProxy */ = {
			isa = PBXContainerItemProxy;
			containerPortal = 04A767DB1FBA5515002A2193 /* Project object */;
			proxyType = 1;
			remoteGlobalIDString = 04A767E21FBA5515002A2193;
			remoteInfo = PokemonCoreData;
		};
		04A768061FBA5516002A2193 /* PBXContainerItemProxy */ = {
			isa = PBXContainerItemProxy;
			containerPortal = 04A767DB1FBA5515002A2193 /* Project object */;
			proxyType = 1;
			remoteGlobalIDString = 04A767E21FBA5515002A2193;
			remoteInfo = PokemonCoreData;
		};
/* End PBXContainerItemProxy section */

/* Begin PBXFileReference section */
		009FE7C8AB41E73C3BA9A244 /* Pods_PokemonCoreData.framework */ = {isa = PBXFileReference; explicitFileType = wrapper.framework; includeInIndex = 0; path = Pods_PokemonCoreData.framework; sourceTree = BUILT_PRODUCTS_DIR; };
		04A767E31FBA5515002A2193 /* PokemonCoreData.app */ = {isa = PBXFileReference; explicitFileType = wrapper.application; includeInIndex = 0; path = PokemonCoreData.app; sourceTree = BUILT_PRODUCTS_DIR; };
		04A767E61FBA5515002A2193 /* AppDelegate.swift */ = {isa = PBXFileReference; lastKnownFileType = sourcecode.swift; path = AppDelegate.swift; sourceTree = "<group>"; };
		04A767EB1FBA5515002A2193 /* Base */ = {isa = PBXFileReference; lastKnownFileType = file.storyboard; name = Base; path = Base.lproj/Main.storyboard; sourceTree = "<group>"; };
		04A767EE1FBA5515002A2193 /* PokemonCoreData.xcdatamodel */ = {isa = PBXFileReference; lastKnownFileType = wrapper.xcdatamodel; path = PokemonCoreData.xcdatamodel; sourceTree = "<group>"; };
		04A767F01FBA5515002A2193 /* Assets.xcassets */ = {isa = PBXFileReference; lastKnownFileType = folder.assetcatalog; path = Assets.xcassets; sourceTree = "<group>"; };
		04A767F31FBA5515002A2193 /* Base */ = {isa = PBXFileReference; lastKnownFileType = file.storyboard; name = Base; path = Base.lproj/LaunchScreen.storyboard; sourceTree = "<group>"; };
		04A767F51FBA5515002A2193 /* Info.plist */ = {isa = PBXFileReference; lastKnownFileType = text.plist.xml; path = Info.plist; sourceTree = "<group>"; };
		04A767FA1FBA5516002A2193 /* PokemonCoreDataTests.xctest */ = {isa = PBXFileReference; explicitFileType = wrapper.cfbundle; includeInIndex = 0; path = PokemonCoreDataTests.xctest; sourceTree = BUILT_PRODUCTS_DIR; };
		04A767FE1FBA5516002A2193 /* PokemonCoreDataTests.swift */ = {isa = PBXFileReference; lastKnownFileType = sourcecode.swift; path = PokemonCoreDataTests.swift; sourceTree = "<group>"; };
		04A768001FBA5516002A2193 /* Info.plist */ = {isa = PBXFileReference; lastKnownFileType = text.plist.xml; path = Info.plist; sourceTree = "<group>"; };
		04A768051FBA5516002A2193 /* PokemonCoreDataUITests.xctest */ = {isa = PBXFileReference; explicitFileType = wrapper.cfbundle; includeInIndex = 0; path = PokemonCoreDataUITests.xctest; sourceTree = BUILT_PRODUCTS_DIR; };
		04A768091FBA5516002A2193 /* PokemonCoreDataUITests.swift */ = {isa = PBXFileReference; lastKnownFileType = sourcecode.swift; path = PokemonCoreDataUITests.swift; sourceTree = "<group>"; };
		04A7680B1FBA5516002A2193 /* Info.plist */ = {isa = PBXFileReference; lastKnownFileType = text.plist.xml; path = Info.plist; sourceTree = "<group>"; };
		04A768171FBA5596002A2193 /* GoogleService-Info.plist */ = {isa = PBXFileReference; fileEncoding = 4; lastKnownFileType = text.plist.xml; path = "GoogleService-Info.plist"; sourceTree = "<group>"; };
		04A7681D1FBA5732002A2193 /* PokemonListViewController.swift */ = {isa = PBXFileReference; lastKnownFileType = sourcecode.swift; path = PokemonListViewController.swift; sourceTree = "<group>"; };
		04A7681F1FBA5766002A2193 /* PokemonInformationViewController.swift */ = {isa = PBXFileReference; lastKnownFileType = sourcecode.swift; path = PokemonInformationViewController.swift; sourceTree = "<group>"; };
		04A768211FBA57C2002A2193 /* LoginViewController.swift */ = {isa = PBXFileReference; lastKnownFileType = sourcecode.swift; path = LoginViewController.swift; sourceTree = "<group>"; };
		04A768231FBA57E5002A2193 /* Networking.swift */ = {isa = PBXFileReference; lastKnownFileType = sourcecode.swift; path = Networking.swift; sourceTree = "<group>"; };
		04A768251FBA57FE002A2193 /* GlobalCache.swift */ = {isa = PBXFileReference; lastKnownFileType = sourcecode.swift; path = GlobalCache.swift; sourceTree = "<group>"; };
		04A768271FBA5817002A2193 /* Pokemon.swift */ = {isa = PBXFileReference; lastKnownFileType = sourcecode.swift; path = Pokemon.swift; sourceTree = "<group>"; };
		04A768291FBA5839002A2193 /* Constants.swift */ = {isa = PBXFileReference; lastKnownFileType = sourcecode.swift; path = Constants.swift; sourceTree = "<group>"; };
		04A7682B1FBA584F002A2193 /* LoginInfo.swift */ = {isa = PBXFileReference; lastKnownFileType = sourcecode.swift; path = LoginInfo.swift; sourceTree = "<group>"; };
		04A7682D1FBA5861002A2193 /* Extensions.swift */ = {isa = PBXFileReference; lastKnownFileType = sourcecode.swift; path = Extensions.swift; sourceTree = "<group>"; };
		04A7682F1FBA5879002A2193 /* PokemonCell.swift */ = {isa = PBXFileReference; lastKnownFileType = sourcecode.swift; path = PokemonCell.swift; sourceTree = "<group>"; };
		4EEE12062EEB3808F4B6E291 /* Pods_PokemonCoreDataTests.framework */ = {isa = PBXFileReference; explicitFileType = wrapper.framework; includeInIndex = 0; path = Pods_PokemonCoreDataTests.framework; sourceTree = BUILT_PRODUCTS_DIR; };
		701F3D3AA3339F2AF35D03DB /* Pods-PokemonCoreDataUITests.debug.xcconfig */ = {isa = PBXFileReference; includeInIndex = 1; lastKnownFileType = text.xcconfig; name = "Pods-PokemonCoreDataUITests.debug.xcconfig"; path = "Pods/Target Support Files/Pods-PokemonCoreDataUITests/Pods-PokemonCoreDataUITests.debug.xcconfig"; sourceTree = "<group>"; };
		8F87D53ED1625DDC33DB6F79 /* Pods-PokemonCoreDataTests.debug.xcconfig */ = {isa = PBXFileReference; includeInIndex = 1; lastKnownFileType = text.xcconfig; name = "Pods-PokemonCoreDataTests.debug.xcconfig"; path = "Pods/Target Support Files/Pods-PokemonCoreDataTests/Pods-PokemonCoreDataTests.debug.xcconfig"; sourceTree = "<group>"; };
		B5AF214B45FAC99254063D6D /* Pods_PokemonCoreDataUITests.framework */ = {isa = PBXFileReference; explicitFileType = wrapper.framework; includeInIndex = 0; path = Pods_PokemonCoreDataUITests.framework; sourceTree = BUILT_PRODUCTS_DIR; };
		C160D221A13EE7FD0127E08C /* Pods-PokemonCoreDataTests.release.xcconfig */ = {isa = PBXFileReference; includeInIndex = 1; lastKnownFileType = text.xcconfig; name = "Pods-PokemonCoreDataTests.release.xcconfig"; path = "Pods/Target Support Files/Pods-PokemonCoreDataTests/Pods-PokemonCoreDataTests.release.xcconfig"; sourceTree = "<group>"; };
		C777C00A81EB540098D4C0E4 /* Pods-PokemonCoreDataUITests.release.xcconfig */ = {isa = PBXFileReference; includeInIndex = 1; lastKnownFileType = text.xcconfig; name = "Pods-PokemonCoreDataUITests.release.xcconfig"; path = "Pods/Target Support Files/Pods-PokemonCoreDataUITests/Pods-PokemonCoreDataUITests.release.xcconfig"; sourceTree = "<group>"; };
		D12406FFFB45563B9A8D26A8 /* Pods-PokemonCoreData.debug.xcconfig */ = {isa = PBXFileReference; includeInIndex = 1; lastKnownFileType = text.xcconfig; name = "Pods-PokemonCoreData.debug.xcconfig"; path = "Pods/Target Support Files/Pods-PokemonCoreData/Pods-PokemonCoreData.debug.xcconfig"; sourceTree = "<group>"; };
		D807FD41D950A7B4118EED69 /* Pods-PokemonCoreData.release.xcconfig */ = {isa = PBXFileReference; includeInIndex = 1; lastKnownFileType = text.xcconfig; name = "Pods-PokemonCoreData.release.xcconfig"; path = "Pods/Target Support Files/Pods-PokemonCoreData/Pods-PokemonCoreData.release.xcconfig"; sourceTree = "<group>"; };
/* End PBXFileReference section */

/* Begin PBXFrameworksBuildPhase section */
		04A767E01FBA5515002A2193 /* Frameworks */ = {
			isa = PBXFrameworksBuildPhase;
			buildActionMask = 2147483647;
			files = (
				8E02AC3707C3457EEE409E4A /* Pods_PokemonCoreData.framework in Frameworks */,
			);
			runOnlyForDeploymentPostprocessing = 0;
		};
		04A767F71FBA5516002A2193 /* Frameworks */ = {
			isa = PBXFrameworksBuildPhase;
			buildActionMask = 2147483647;
			files = (
				BF06CE4303018F459E7E08D4 /* Pods_PokemonCoreDataTests.framework in Frameworks */,
			);
			runOnlyForDeploymentPostprocessing = 0;
		};
		04A768021FBA5516002A2193 /* Frameworks */ = {
			isa = PBXFrameworksBuildPhase;
			buildActionMask = 2147483647;
			files = (
				FC768378FE0F44AB7E6A727D /* Pods_PokemonCoreDataUITests.framework in Frameworks */,
			);
			runOnlyForDeploymentPostprocessing = 0;
		};
/* End PBXFrameworksBuildPhase section */

/* Begin PBXGroup section */
		04A767DA1FBA5515002A2193 = {
			isa = PBXGroup;
			children = (
				04A768171FBA5596002A2193 /* GoogleService-Info.plist */,
				04A767E51FBA5515002A2193 /* PokemonCoreData */,
				04A767FD1FBA5516002A2193 /* PokemonCoreDataTests */,
				04A768081FBA5516002A2193 /* PokemonCoreDataUITests */,
				04A767E41FBA5515002A2193 /* Products */,
				52E93E178E394BF6BE151EBF /* Pods */,
				D50648A03FB169E2B5DAF168 /* Frameworks */,
			);
			sourceTree = "<group>";
		};
		04A767E41FBA5515002A2193 /* Products */ = {
			isa = PBXGroup;
			children = (
				04A767E31FBA5515002A2193 /* PokemonCoreData.app */,
				04A767FA1FBA5516002A2193 /* PokemonCoreDataTests.xctest */,
				04A768051FBA5516002A2193 /* PokemonCoreDataUITests.xctest */,
			);
			name = Products;
			sourceTree = "<group>";
		};
		04A767E51FBA5515002A2193 /* PokemonCoreData */ = {
			isa = PBXGroup;
			children = (
				04A7681B1FBA56C4002A2193 /* Models */,
				04A7681A1FBA56BC002A2193 /* Views */,
				04A768191FBA56AD002A2193 /* View Controllers */,
				04A7681C1FBA56C9002A2193 /* Networking Services */,
				04A767F01FBA5515002A2193 /* Assets.xcassets */,
				04A767F51FBA5515002A2193 /* Info.plist */,
			);
			path = PokemonCoreData;
			sourceTree = "<group>";
		};
		04A767FD1FBA5516002A2193 /* PokemonCoreDataTests */ = {
			isa = PBXGroup;
			children = (
				04A767FE1FBA5516002A2193 /* PokemonCoreDataTests.swift */,
				04A768001FBA5516002A2193 /* Info.plist */,
			);
			path = PokemonCoreDataTests;
			sourceTree = "<group>";
		};
		04A768081FBA5516002A2193 /* PokemonCoreDataUITests */ = {
			isa = PBXGroup;
			children = (
				04A768091FBA5516002A2193 /* PokemonCoreDataUITests.swift */,
				04A7680B1FBA5516002A2193 /* Info.plist */,
			);
			path = PokemonCoreDataUITests;
			sourceTree = "<group>";
		};
		04A768191FBA56AD002A2193 /* View Controllers */ = {
			isa = PBXGroup;
			children = (
				04A7681D1FBA5732002A2193 /* PokemonListViewController.swift */,
				04A7681F1FBA5766002A2193 /* PokemonInformationViewController.swift */,
				04A768211FBA57C2002A2193 /* LoginViewController.swift */,
			);
			path = "View Controllers";
			sourceTree = "<group>";
		};
		04A7681A1FBA56BC002A2193 /* Views */ = {
			isa = PBXGroup;
			children = (
				04A767EA1FBA5515002A2193 /* Main.storyboard */,
				04A767F21FBA5515002A2193 /* LaunchScreen.storyboard */,
			);
			path = Views;
			sourceTree = "<group>";
		};
		04A7681B1FBA56C4002A2193 /* Models */ = {
			isa = PBXGroup;
			children = (
				04A767ED1FBA5515002A2193 /* PokemonCoreData.xcdatamodeld */,
				04A767E61FBA5515002A2193 /* AppDelegate.swift */,
				04A768271FBA5817002A2193 /* Pokemon.swift */,
				04A768291FBA5839002A2193 /* Constants.swift */,
				04A7682B1FBA584F002A2193 /* LoginInfo.swift */,
				04A7682D1FBA5861002A2193 /* Extensions.swift */,
				04A7682F1FBA5879002A2193 /* PokemonCell.swift */,
			);
			path = Models;
			sourceTree = "<group>";
		};
		04A7681C1FBA56C9002A2193 /* Networking Services */ = {
			isa = PBXGroup;
			children = (
				04A768231FBA57E5002A2193 /* Networking.swift */,
				04A768251FBA57FE002A2193 /* GlobalCache.swift */,
			);
			path = "Networking Services";
			sourceTree = "<group>";
		};
		52E93E178E394BF6BE151EBF /* Pods */ = {
			isa = PBXGroup;
			children = (
				D12406FFFB45563B9A8D26A8 /* Pods-PokemonCoreData.debug.xcconfig */,
				D807FD41D950A7B4118EED69 /* Pods-PokemonCoreData.release.xcconfig */,
				8F87D53ED1625DDC33DB6F79 /* Pods-PokemonCoreDataTests.debug.xcconfig */,
				C160D221A13EE7FD0127E08C /* Pods-PokemonCoreDataTests.release.xcconfig */,
				701F3D3AA3339F2AF35D03DB /* Pods-PokemonCoreDataUITests.debug.xcconfig */,
				C777C00A81EB540098D4C0E4 /* Pods-PokemonCoreDataUITests.release.xcconfig */,
			);
			name = Pods;
			sourceTree = "<group>";
		};
		D50648A03FB169E2B5DAF168 /* Frameworks */ = {
			isa = PBXGroup;
			children = (
				009FE7C8AB41E73C3BA9A244 /* Pods_PokemonCoreData.framework */,
				4EEE12062EEB3808F4B6E291 /* Pods_PokemonCoreDataTests.framework */,
				B5AF214B45FAC99254063D6D /* Pods_PokemonCoreDataUITests.framework */,
			);
			name = Frameworks;
			sourceTree = "<group>";
		};
/* End PBXGroup section */

/* Begin PBXNativeTarget section */
		04A767E21FBA5515002A2193 /* PokemonCoreData */ = {
			isa = PBXNativeTarget;
			buildConfigurationList = 04A7680E1FBA5516002A2193 /* Build configuration list for PBXNativeTarget "PokemonCoreData" */;
			buildPhases = (
				90FA3DEEB3D05F8741FFBF9A /* [CP] Check Pods Manifest.lock */,
				04A767DF1FBA5515002A2193 /* Sources */,
				04A767E01FBA5515002A2193 /* Frameworks */,
				04A767E11FBA5515002A2193 /* Resources */,
				9A7EDCF00F0F8A77EBA874C4 /* [CP] Embed Pods Frameworks */,
				EE90462564A8C2146972A31A /* [CP] Copy Pods Resources */,
			);
			buildRules = (
			);
			dependencies = (
			);
			name = PokemonCoreData;
			productName = PokemonCoreData;
			productReference = 04A767E31FBA5515002A2193 /* PokemonCoreData.app */;
			productType = "com.apple.product-type.application";
		};
		04A767F91FBA5516002A2193 /* PokemonCoreDataTests */ = {
			isa = PBXNativeTarget;
			buildConfigurationList = 04A768111FBA5516002A2193 /* Build configuration list for PBXNativeTarget "PokemonCoreDataTests" */;
			buildPhases = (
				F7AADCEF11B510C1E3C672FC /* [CP] Check Pods Manifest.lock */,
				04A767F61FBA5516002A2193 /* Sources */,
				04A767F71FBA5516002A2193 /* Frameworks */,
				04A767F81FBA5516002A2193 /* Resources */,
				BE1554B90D44DB4C8E4FE23A /* [CP] Embed Pods Frameworks */,
				60E477882FC5D279FDBE8358 /* [CP] Copy Pods Resources */,
			);
			buildRules = (
			);
			dependencies = (
				04A767FC1FBA5516002A2193 /* PBXTargetDependency */,
			);
			name = PokemonCoreDataTests;
			productName = PokemonCoreDataTests;
			productReference = 04A767FA1FBA5516002A2193 /* PokemonCoreDataTests.xctest */;
			productType = "com.apple.product-type.bundle.unit-test";
		};
		04A768041FBA5516002A2193 /* PokemonCoreDataUITests */ = {
			isa = PBXNativeTarget;
			buildConfigurationList = 04A768141FBA5516002A2193 /* Build configuration list for PBXNativeTarget "PokemonCoreDataUITests" */;
			buildPhases = (
				64C8E5C223F0E671FB0B9A4C /* [CP] Check Pods Manifest.lock */,
				04A768011FBA5516002A2193 /* Sources */,
				04A768021FBA5516002A2193 /* Frameworks */,
				04A768031FBA5516002A2193 /* Resources */,
				8294008559EC45895EA413C2 /* [CP] Embed Pods Frameworks */,
				A20B0BCA0F2E9C11CBFFF965 /* [CP] Copy Pods Resources */,
			);
			buildRules = (
			);
			dependencies = (
				04A768071FBA5516002A2193 /* PBXTargetDependency */,
			);
			name = PokemonCoreDataUITests;
			productName = PokemonCoreDataUITests;
			productReference = 04A768051FBA5516002A2193 /* PokemonCoreDataUITests.xctest */;
			productType = "com.apple.product-type.bundle.ui-testing";
		};
/* End PBXNativeTarget section */

/* Begin PBXProject section */
		04A767DB1FBA5515002A2193 /* Project object */ = {
			isa = PBXProject;
			attributes = {
				LastSwiftUpdateCheck = 0900;
				LastUpgradeCheck = 0900;
				ORGANIZATIONNAME = Mac;
				TargetAttributes = {
					04A767E21FBA5515002A2193 = {
						CreatedOnToolsVersion = 9.0.1;
						ProvisioningStyle = Automatic;
					};
					04A767F91FBA5516002A2193 = {
						CreatedOnToolsVersion = 9.0.1;
						ProvisioningStyle = Automatic;
						TestTargetID = 04A767E21FBA5515002A2193;
					};
					04A768041FBA5516002A2193 = {
						CreatedOnToolsVersion = 9.0.1;
						ProvisioningStyle = Automatic;
						TestTargetID = 04A767E21FBA5515002A2193;
					};
				};
			};
			buildConfigurationList = 04A767DE1FBA5515002A2193 /* Build configuration list for PBXProject "PokemonCoreData" */;
			compatibilityVersion = "Xcode 8.0";
			developmentRegion = en;
			hasScannedForEncodings = 0;
			knownRegions = (
				en,
				Base,
			);
			mainGroup = 04A767DA1FBA5515002A2193;
			productRefGroup = 04A767E41FBA5515002A2193 /* Products */;
			projectDirPath = "";
			projectRoot = "";
			targets = (
				04A767E21FBA5515002A2193 /* PokemonCoreData */,
				04A767F91FBA5516002A2193 /* PokemonCoreDataTests */,
				04A768041FBA5516002A2193 /* PokemonCoreDataUITests */,
			);
		};
/* End PBXProject section */

/* Begin PBXResourcesBuildPhase section */
		04A767E11FBA5515002A2193 /* Resources */ = {
			isa = PBXResourcesBuildPhase;
			buildActionMask = 2147483647;
			files = (
				04A767F41FBA5515002A2193 /* LaunchScreen.storyboard in Resources */,
				04A767F11FBA5515002A2193 /* Assets.xcassets in Resources */,
				04A767EC1FBA5515002A2193 /* Main.storyboard in Resources */,
				04A768181FBA5596002A2193 /* GoogleService-Info.plist in Resources */,
			);
			runOnlyForDeploymentPostprocessing = 0;
		};
		04A767F81FBA5516002A2193 /* Resources */ = {
			isa = PBXResourcesBuildPhase;
			buildActionMask = 2147483647;
			files = (
			);
			runOnlyForDeploymentPostprocessing = 0;
		};
		04A768031FBA5516002A2193 /* Resources */ = {
			isa = PBXResourcesBuildPhase;
			buildActionMask = 2147483647;
			files = (
			);
			runOnlyForDeploymentPostprocessing = 0;
		};
/* End PBXResourcesBuildPhase section */

/* Begin PBXShellScriptBuildPhase section */
		60E477882FC5D279FDBE8358 /* [CP] Copy Pods Resources */ = {
			isa = PBXShellScriptBuildPhase;
			buildActionMask = 2147483647;
			files = (
			);
			inputPaths = (
			);
			name = "[CP] Copy Pods Resources";
			outputPaths = (
			);
			runOnlyForDeploymentPostprocessing = 0;
			shellPath = /bin/sh;
			shellScript = "\"${SRCROOT}/Pods/Target Support Files/Pods-PokemonCoreDataTests/Pods-PokemonCoreDataTests-resources.sh\"\n";
			showEnvVarsInLog = 0;
		};
		64C8E5C223F0E671FB0B9A4C /* [CP] Check Pods Manifest.lock */ = {
			isa = PBXShellScriptBuildPhase;
			buildActionMask = 2147483647;
			files = (
			);
			inputPaths = (
				"${PODS_PODFILE_DIR_PATH}/Podfile.lock",
				"${PODS_ROOT}/Manifest.lock",
			);
			name = "[CP] Check Pods Manifest.lock";
			outputPaths = (
				"$(DERIVED_FILE_DIR)/Pods-PokemonCoreDataUITests-checkManifestLockResult.txt",
			);
			runOnlyForDeploymentPostprocessing = 0;
			shellPath = /bin/sh;
			shellScript = "diff \"${PODS_PODFILE_DIR_PATH}/Podfile.lock\" \"${PODS_ROOT}/Manifest.lock\" > /dev/null\nif [ $? != 0 ] ; then\n    # print error to STDERR\n    echo \"error: The sandbox is not in sync with the Podfile.lock. Run 'pod install' or update your CocoaPods installation.\" >&2\n    exit 1\nfi\n# This output is used by Xcode 'outputs' to avoid re-running this script phase.\necho \"SUCCESS\" > \"${SCRIPT_OUTPUT_FILE_0}\"\n";
			showEnvVarsInLog = 0;
		};
		8294008559EC45895EA413C2 /* [CP] Embed Pods Frameworks */ = {
			isa = PBXShellScriptBuildPhase;
			buildActionMask = 2147483647;
			files = (
			);
			inputPaths = (
			);
			name = "[CP] Embed Pods Frameworks";
			outputPaths = (
			);
			runOnlyForDeploymentPostprocessing = 0;
			shellPath = /bin/sh;
			shellScript = "\"${SRCROOT}/Pods/Target Support Files/Pods-PokemonCoreDataUITests/Pods-PokemonCoreDataUITests-frameworks.sh\"\n";
			showEnvVarsInLog = 0;
		};
		90FA3DEEB3D05F8741FFBF9A /* [CP] Check Pods Manifest.lock */ = {
			isa = PBXShellScriptBuildPhase;
			buildActionMask = 2147483647;
			files = (
			);
			inputPaths = (
				"${PODS_PODFILE_DIR_PATH}/Podfile.lock",
				"${PODS_ROOT}/Manifest.lock",
			);
			name = "[CP] Check Pods Manifest.lock";
			outputPaths = (
				"$(DERIVED_FILE_DIR)/Pods-PokemonCoreData-checkManifestLockResult.txt",
			);
			runOnlyForDeploymentPostprocessing = 0;
			shellPath = /bin/sh;
			shellScript = "diff \"${PODS_PODFILE_DIR_PATH}/Podfile.lock\" \"${PODS_ROOT}/Manifest.lock\" > /dev/null\nif [ $? != 0 ] ; then\n    # print error to STDERR\n    echo \"error: The sandbox is not in sync with the Podfile.lock. Run 'pod install' or update your CocoaPods installation.\" >&2\n    exit 1\nfi\n# This output is used by Xcode 'outputs' to avoid re-running this script phase.\necho \"SUCCESS\" > \"${SCRIPT_OUTPUT_FILE_0}\"\n";
			showEnvVarsInLog = 0;
		};
		9A7EDCF00F0F8A77EBA874C4 /* [CP] Embed Pods Frameworks */ = {
			isa = PBXShellScriptBuildPhase;
			buildActionMask = 2147483647;
			files = (
			);
			inputPaths = (
				"${SRCROOT}/Pods/Target Support Files/Pods-PokemonCoreData/Pods-PokemonCoreData-frameworks.sh",
				"${BUILT_PRODUCTS_DIR}/GTMSessionFetcher/GTMSessionFetcher.framework",
				"${BUILT_PRODUCTS_DIR}/GoogleToolboxForMac/GoogleToolboxForMac.framework",
				"${BUILT_PRODUCTS_DIR}/SwiftKeychainWrapper/SwiftKeychainWrapper.framework",
				"${BUILT_PRODUCTS_DIR}/nanopb/nanopb.framework",
			);
			name = "[CP] Embed Pods Frameworks";
			outputPaths = (
				"${TARGET_BUILD_DIR}/${FRAMEWORKS_FOLDER_PATH}/GTMSessionFetcher.framework",
				"${TARGET_BUILD_DIR}/${FRAMEWORKS_FOLDER_PATH}/GoogleToolboxForMac.framework",
				"${TARGET_BUILD_DIR}/${FRAMEWORKS_FOLDER_PATH}/SwiftKeychainWrapper.framework",
				"${TARGET_BUILD_DIR}/${FRAMEWORKS_FOLDER_PATH}/nanopb.framework",
			);
			runOnlyForDeploymentPostprocessing = 0;
			shellPath = /bin/sh;
			shellScript = "\"${SRCROOT}/Pods/Target Support Files/Pods-PokemonCoreData/Pods-PokemonCoreData-frameworks.sh\"\n";
			showEnvVarsInLog = 0;
		};
		A20B0BCA0F2E9C11CBFFF965 /* [CP] Copy Pods Resources */ = {
			isa = PBXShellScriptBuildPhase;
			buildActionMask = 2147483647;
			files = (
			);
			inputPaths = (
			);
			name = "[CP] Copy Pods Resources";
			outputPaths = (
			);
			runOnlyForDeploymentPostprocessing = 0;
			shellPath = /bin/sh;
			shellScript = "\"${SRCROOT}/Pods/Target Support Files/Pods-PokemonCoreDataUITests/Pods-PokemonCoreDataUITests-resources.sh\"\n";
			showEnvVarsInLog = 0;
		};
		BE1554B90D44DB4C8E4FE23A /* [CP] Embed Pods Frameworks */ = {
			isa = PBXShellScriptBuildPhase;
			buildActionMask = 2147483647;
			files = (
			);
			inputPaths = (
			);
			name = "[CP] Embed Pods Frameworks";
			outputPaths = (
			);
			runOnlyForDeploymentPostprocessing = 0;
			shellPath = /bin/sh;
			shellScript = "\"${SRCROOT}/Pods/Target Support Files/Pods-PokemonCoreDataTests/Pods-PokemonCoreDataTests-frameworks.sh\"\n";
			showEnvVarsInLog = 0;
		};
		EE90462564A8C2146972A31A /* [CP] Copy Pods Resources */ = {
			isa = PBXShellScriptBuildPhase;
			buildActionMask = 2147483647;
			files = (
			);
			inputPaths = (
			);
			name = "[CP] Copy Pods Resources";
			outputPaths = (
			);
			runOnlyForDeploymentPostprocessing = 0;
			shellPath = /bin/sh;
			shellScript = "\"${SRCROOT}/Pods/Target Support Files/Pods-PokemonCoreData/Pods-PokemonCoreData-resources.sh\"\n";
			showEnvVarsInLog = 0;
		};
		F7AADCEF11B510C1E3C672FC /* [CP] Check Pods Manifest.lock */ = {
			isa = PBXShellScriptBuildPhase;
			buildActionMask = 2147483647;
			files = (
			);
			inputPaths = (
				"${PODS_PODFILE_DIR_PATH}/Podfile.lock",
				"${PODS_ROOT}/Manifest.lock",
			);
			name = "[CP] Check Pods Manifest.lock";
			outputPaths = (
				"$(DERIVED_FILE_DIR)/Pods-PokemonCoreDataTests-checkManifestLockResult.txt",
			);
			runOnlyForDeploymentPostprocessing = 0;
			shellPath = /bin/sh;
			shellScript = "diff \"${PODS_PODFILE_DIR_PATH}/Podfile.lock\" \"${PODS_ROOT}/Manifest.lock\" > /dev/null\nif [ $? != 0 ] ; then\n    # print error to STDERR\n    echo \"error: The sandbox is not in sync with the Podfile.lock. Run 'pod install' or update your CocoaPods installation.\" >&2\n    exit 1\nfi\n# This output is used by Xcode 'outputs' to avoid re-running this script phase.\necho \"SUCCESS\" > \"${SCRIPT_OUTPUT_FILE_0}\"\n";
			showEnvVarsInLog = 0;
		};
/* End PBXShellScriptBuildPhase section */

/* Begin PBXSourcesBuildPhase section */
		04A767DF1FBA5515002A2193 /* Sources */ = {
			isa = PBXSourcesBuildPhase;
			buildActionMask = 2147483647;
			files = (
				04A768221FBA57C2002A2193 /* LoginViewController.swift in Sources */,
				04A768261FBA57FE002A2193 /* GlobalCache.swift in Sources */,
				04A768301FBA5879002A2193 /* PokemonCell.swift in Sources */,
				04A768201FBA5766002A2193 /* PokemonInformationViewController.swift in Sources */,
				04A767EF1FBA5515002A2193 /* PokemonCoreData.xcdatamodeld in Sources */,
				04A7682A1FBA5839002A2193 /* Constants.swift in Sources */,
				04A768281FBA5817002A2193 /* Pokemon.swift in Sources */,
				04A7682E1FBA5861002A2193 /* Extensions.swift in Sources */,
				04A7681E1FBA5732002A2193 /* PokemonListViewController.swift in Sources */,
				04A767E71FBA5515002A2193 /* AppDelegate.swift in Sources */,
				04A768241FBA57E5002A2193 /* Networking.swift in Sources */,
				04A7682C1FBA584F002A2193 /* LoginInfo.swift in Sources */,
			);
			runOnlyForDeploymentPostprocessing = 0;
		};
		04A767F61FBA5516002A2193 /* Sources */ = {
			isa = PBXSourcesBuildPhase;
			buildActionMask = 2147483647;
			files = (
				04A767FF1FBA5516002A2193 /* PokemonCoreDataTests.swift in Sources */,
			);
			runOnlyForDeploymentPostprocessing = 0;
		};
		04A768011FBA5516002A2193 /* Sources */ = {
			isa = PBXSourcesBuildPhase;
			buildActionMask = 2147483647;
			files = (
				04A7680A1FBA5516002A2193 /* PokemonCoreDataUITests.swift in Sources */,
			);
			runOnlyForDeploymentPostprocessing = 0;
		};
/* End PBXSourcesBuildPhase section */

/* Begin PBXTargetDependency section */
		04A767FC1FBA5516002A2193 /* PBXTargetDependency */ = {
			isa = PBXTargetDependency;
			target = 04A767E21FBA5515002A2193 /* PokemonCoreData */;
			targetProxy = 04A767FB1FBA5516002A2193 /* PBXContainerItemProxy */;
		};
		04A768071FBA5516002A2193 /* PBXTargetDependency */ = {
			isa = PBXTargetDependency;
			target = 04A767E21FBA5515002A2193 /* PokemonCoreData */;
			targetProxy = 04A768061FBA5516002A2193 /* PBXContainerItemProxy */;
		};
/* End PBXTargetDependency section */

/* Begin PBXVariantGroup section */
		04A767EA1FBA5515002A2193 /* Main.storyboard */ = {
			isa = PBXVariantGroup;
			children = (
				04A767EB1FBA5515002A2193 /* Base */,
			);
			name = Main.storyboard;
			sourceTree = "<group>";
		};
		04A767F21FBA5515002A2193 /* LaunchScreen.storyboard */ = {
			isa = PBXVariantGroup;
			children = (
				04A767F31FBA5515002A2193 /* Base */,
			);
			name = LaunchScreen.storyboard;
			sourceTree = "<group>";
		};
/* End PBXVariantGroup section */

/* Begin XCBuildConfiguration section */
		04A7680C1FBA5516002A2193 /* Debug */ = {
			isa = XCBuildConfiguration;
			buildSettings = {
				ALWAYS_SEARCH_USER_PATHS = NO;
				CLANG_ANALYZER_NONNULL = YES;
				CLANG_ANALYZER_NUMBER_OBJECT_CONVERSION = YES_AGGRESSIVE;
				CLANG_CXX_LANGUAGE_STANDARD = "gnu++14";
				CLANG_CXX_LIBRARY = "libc++";
				CLANG_ENABLE_MODULES = YES;
				CLANG_ENABLE_OBJC_ARC = YES;
				CLANG_WARN_BLOCK_CAPTURE_AUTORELEASING = YES;
				CLANG_WARN_BOOL_CONVERSION = YES;
				CLANG_WARN_COMMA = YES;
				CLANG_WARN_CONSTANT_CONVERSION = YES;
				CLANG_WARN_DIRECT_OBJC_ISA_USAGE = YES_ERROR;
				CLANG_WARN_DOCUMENTATION_COMMENTS = YES;
				CLANG_WARN_EMPTY_BODY = YES;
				CLANG_WARN_ENUM_CONVERSION = YES;
				CLANG_WARN_INFINITE_RECURSION = YES;
				CLANG_WARN_INT_CONVERSION = YES;
				CLANG_WARN_NON_LITERAL_NULL_CONVERSION = YES;
				CLANG_WARN_OBJC_LITERAL_CONVERSION = YES;
				CLANG_WARN_OBJC_ROOT_CLASS = YES_ERROR;
				CLANG_WARN_RANGE_LOOP_ANALYSIS = YES;
				CLANG_WARN_STRICT_PROTOTYPES = YES;
				CLANG_WARN_SUSPICIOUS_MOVE = YES;
				CLANG_WARN_UNGUARDED_AVAILABILITY = YES_AGGRESSIVE;
				CLANG_WARN_UNREACHABLE_CODE = YES;
				CLANG_WARN__DUPLICATE_METHOD_MATCH = YES;
				CODE_SIGN_IDENTITY = "iPhone Developer";
				COPY_PHASE_STRIP = NO;
				DEBUG_INFORMATION_FORMAT = dwarf;
				ENABLE_STRICT_OBJC_MSGSEND = YES;
				ENABLE_TESTABILITY = YES;
				GCC_C_LANGUAGE_STANDARD = gnu11;
				GCC_DYNAMIC_NO_PIC = NO;
				GCC_NO_COMMON_BLOCKS = YES;
				GCC_OPTIMIZATION_LEVEL = 0;
				GCC_PREPROCESSOR_DEFINITIONS = (
					"DEBUG=1",
					"$(inherited)",
				);
				GCC_WARN_64_TO_32_BIT_CONVERSION = YES;
				GCC_WARN_ABOUT_RETURN_TYPE = YES_ERROR;
				GCC_WARN_UNDECLARED_SELECTOR = YES;
				GCC_WARN_UNINITIALIZED_AUTOS = YES_AGGRESSIVE;
				GCC_WARN_UNUSED_FUNCTION = YES;
				GCC_WARN_UNUSED_VARIABLE = YES;
				IPHONEOS_DEPLOYMENT_TARGET = 11.0;
				MTL_ENABLE_DEBUG_INFO = YES;
				ONLY_ACTIVE_ARCH = YES;
				SDKROOT = iphoneos;
				SWIFT_ACTIVE_COMPILATION_CONDITIONS = DEBUG;
				SWIFT_OPTIMIZATION_LEVEL = "-Onone";
			};
			name = Debug;
		};
		04A7680D1FBA5516002A2193 /* Release */ = {
			isa = XCBuildConfiguration;
			buildSettings = {
				ALWAYS_SEARCH_USER_PATHS = NO;
				CLANG_ANALYZER_NONNULL = YES;
				CLANG_ANALYZER_NUMBER_OBJECT_CONVERSION = YES_AGGRESSIVE;
				CLANG_CXX_LANGUAGE_STANDARD = "gnu++14";
				CLANG_CXX_LIBRARY = "libc++";
				CLANG_ENABLE_MODULES = YES;
				CLANG_ENABLE_OBJC_ARC = YES;
				CLANG_WARN_BLOCK_CAPTURE_AUTORELEASING = YES;
				CLANG_WARN_BOOL_CONVERSION = YES;
				CLANG_WARN_COMMA = YES;
				CLANG_WARN_CONSTANT_CONVERSION = YES;
				CLANG_WARN_DIRECT_OBJC_ISA_USAGE = YES_ERROR;
				CLANG_WARN_DOCUMENTATION_COMMENTS = YES;
				CLANG_WARN_EMPTY_BODY = YES;
				CLANG_WARN_ENUM_CONVERSION = YES;
				CLANG_WARN_INFINITE_RECURSION = YES;
				CLANG_WARN_INT_CONVERSION = YES;
				CLANG_WARN_NON_LITERAL_NULL_CONVERSION = YES;
				CLANG_WARN_OBJC_LITERAL_CONVERSION = YES;
				CLANG_WARN_OBJC_ROOT_CLASS = YES_ERROR;
				CLANG_WARN_RANGE_LOOP_ANALYSIS = YES;
				CLANG_WARN_STRICT_PROTOTYPES = YES;
				CLANG_WARN_SUSPICIOUS_MOVE = YES;
				CLANG_WARN_UNGUARDED_AVAILABILITY = YES_AGGRESSIVE;
				CLANG_WARN_UNREACHABLE_CODE = YES;
				CLANG_WARN__DUPLICATE_METHOD_MATCH = YES;
				CODE_SIGN_IDENTITY = "iPhone Developer";
				COPY_PHASE_STRIP = NO;
				DEBUG_INFORMATION_FORMAT = "dwarf-with-dsym";
				ENABLE_NS_ASSERTIONS = NO;
				ENABLE_STRICT_OBJC_MSGSEND = YES;
				GCC_C_LANGUAGE_STANDARD = gnu11;
				GCC_NO_COMMON_BLOCKS = YES;
				GCC_WARN_64_TO_32_BIT_CONVERSION = YES;
				GCC_WARN_ABOUT_RETURN_TYPE = YES_ERROR;
				GCC_WARN_UNDECLARED_SELECTOR = YES;
				GCC_WARN_UNINITIALIZED_AUTOS = YES_AGGRESSIVE;
				GCC_WARN_UNUSED_FUNCTION = YES;
				GCC_WARN_UNUSED_VARIABLE = YES;
				IPHONEOS_DEPLOYMENT_TARGET = 11.0;
				MTL_ENABLE_DEBUG_INFO = NO;
				SDKROOT = iphoneos;
				SWIFT_OPTIMIZATION_LEVEL = "-Owholemodule";
				VALIDATE_PRODUCT = YES;
			};
			name = Release;
		};
		04A7680F1FBA5516002A2193 /* Debug */ = {
			isa = XCBuildConfiguration;
			baseConfigurationReference = D12406FFFB45563B9A8D26A8 /* Pods-PokemonCoreData.debug.xcconfig */;
			buildSettings = {
				ASSETCATALOG_COMPILER_APPICON_NAME = AppIcon;
				CODE_SIGN_STYLE = Automatic;
				INFOPLIST_FILE = PokemonCoreData/Info.plist;
				LD_RUNPATH_SEARCH_PATHS = "$(inherited) @executable_path/Frameworks";
				PRODUCT_BUNDLE_IDENTIFIER = com.cats.Pokemon.PokemonCoreData;
				PRODUCT_NAME = "$(TARGET_NAME)";
				SWIFT_VERSION = 4.0;
				TARGETED_DEVICE_FAMILY = "1,2";
			};
			name = Debug;
		};
		04A768101FBA5516002A2193 /* Release */ = {
			isa = XCBuildConfiguration;
			baseConfigurationReference = D807FD41D950A7B4118EED69 /* Pods-PokemonCoreData.release.xcconfig */;
			buildSettings = {
				ASSETCATALOG_COMPILER_APPICON_NAME = AppIcon;
				CODE_SIGN_STYLE = Automatic;
				INFOPLIST_FILE = PokemonCoreData/Info.plist;
				LD_RUNPATH_SEARCH_PATHS = "$(inherited) @executable_path/Frameworks";
				PRODUCT_BUNDLE_IDENTIFIER = com.cats.Pokemon.PokemonCoreData;
				PRODUCT_NAME = "$(TARGET_NAME)";
				SWIFT_VERSION = 4.0;
				TARGETED_DEVICE_FAMILY = "1,2";
			};
			name = Release;
		};
		04A768121FBA5516002A2193 /* Debug */ = {
			isa = XCBuildConfiguration;
			baseConfigurationReference = 8F87D53ED1625DDC33DB6F79 /* Pods-PokemonCoreDataTests.debug.xcconfig */;
			buildSettings = {
				ALWAYS_EMBED_SWIFT_STANDARD_LIBRARIES = YES;
				BUNDLE_LOADER = "$(TEST_HOST)";
				CODE_SIGN_STYLE = Automatic;
				INFOPLIST_FILE = PokemonCoreDataTests/Info.plist;
				LD_RUNPATH_SEARCH_PATHS = "$(inherited) @executable_path/Frameworks @loader_path/Frameworks";
				PRODUCT_BUNDLE_IDENTIFIER = com.cats.Pokemon.PokemonCoreDataTests;
				PRODUCT_NAME = "$(TARGET_NAME)";
				SWIFT_VERSION = 4.0;
				TARGETED_DEVICE_FAMILY = "1,2";
				TEST_HOST = "$(BUILT_PRODUCTS_DIR)/PokemonCoreData.app/PokemonCoreData";
			};
			name = Debug;
		};
		04A768131FBA5516002A2193 /* Release */ = {
			isa = XCBuildConfiguration;
			baseConfigurationReference = C160D221A13EE7FD0127E08C /* Pods-PokemonCoreDataTests.release.xcconfig */;
			buildSettings = {
				ALWAYS_EMBED_SWIFT_STANDARD_LIBRARIES = YES;
				BUNDLE_LOADER = "$(TEST_HOST)";
				CODE_SIGN_STYLE = Automatic;
				INFOPLIST_FILE = PokemonCoreDataTests/Info.plist;
				LD_RUNPATH_SEARCH_PATHS = "$(inherited) @executable_path/Frameworks @loader_path/Frameworks";
				PRODUCT_BUNDLE_IDENTIFIER = com.cats.Pokemon.PokemonCoreDataTests;
				PRODUCT_NAME = "$(TARGET_NAME)";
				SWIFT_VERSION = 4.0;
				TARGETED_DEVICE_FAMILY = "1,2";
				TEST_HOST = "$(BUILT_PRODUCTS_DIR)/PokemonCoreData.app/PokemonCoreData";
			};
			name = Release;
		};
		04A768151FBA5516002A2193 /* Debug */ = {
			isa = XCBuildConfiguration;
			baseConfigurationReference = 701F3D3AA3339F2AF35D03DB /* Pods-PokemonCoreDataUITests.debug.xcconfig */;
			buildSettings = {
				ALWAYS_EMBED_SWIFT_STANDARD_LIBRARIES = YES;
				CODE_SIGN_STYLE = Automatic;
				INFOPLIST_FILE = PokemonCoreDataUITests/Info.plist;
				LD_RUNPATH_SEARCH_PATHS = "$(inherited) @executable_path/Frameworks @loader_path/Frameworks";
				PRODUCT_BUNDLE_IDENTIFIER = com.cats.Pokemon.PokemonCoreDataUITests;
				PRODUCT_NAME = "$(TARGET_NAME)";
				SWIFT_VERSION = 4.0;
				TARGETED_DEVICE_FAMILY = "1,2";
				TEST_TARGET_NAME = PokemonCoreData;
			};
			name = Debug;
		};
		04A768161FBA5516002A2193 /* Release */ = {
			isa = XCBuildConfiguration;
			baseConfigurationReference = C777C00A81EB540098D4C0E4 /* Pods-PokemonCoreDataUITests.release.xcconfig */;
			buildSettings = {
				ALWAYS_EMBED_SWIFT_STANDARD_LIBRARIES = YES;
				CODE_SIGN_STYLE = Automatic;
				INFOPLIST_FILE = PokemonCoreDataUITests/Info.plist;
				LD_RUNPATH_SEARCH_PATHS = "$(inherited) @executable_path/Frameworks @loader_path/Frameworks";
				PRODUCT_BUNDLE_IDENTIFIER = com.cats.Pokemon.PokemonCoreDataUITests;
				PRODUCT_NAME = "$(TARGET_NAME)";
				SWIFT_VERSION = 4.0;
				TARGETED_DEVICE_FAMILY = "1,2";
				TEST_TARGET_NAME = PokemonCoreData;
			};
			name = Release;
		};
/* End XCBuildConfiguration section */

/* Begin XCConfigurationList section */
		04A767DE1FBA5515002A2193 /* Build configuration list for PBXProject "PokemonCoreData" */ = {
			isa = XCConfigurationList;
			buildConfigurations = (
				04A7680C1FBA5516002A2193 /* Debug */,
				04A7680D1FBA5516002A2193 /* Release */,
			);
			defaultConfigurationIsVisible = 0;
			defaultConfigurationName = Release;
		};
		04A7680E1FBA5516002A2193 /* Build configuration list for PBXNativeTarget "PokemonCoreData" */ = {
			isa = XCConfigurationList;
			buildConfigurations = (
				04A7680F1FBA5516002A2193 /* Debug */,
				04A768101FBA5516002A2193 /* Release */,
			);
			defaultConfigurationIsVisible = 0;
			defaultConfigurationName = Release;
		};
		04A768111FBA5516002A2193 /* Build configuration list for PBXNativeTarget "PokemonCoreDataTests" */ = {
			isa = XCConfigurationList;
			buildConfigurations = (
				04A768121FBA5516002A2193 /* Debug */,
				04A768131FBA5516002A2193 /* Release */,
			);
			defaultConfigurationIsVisible = 0;
			defaultConfigurationName = Release;
		};
		04A768141FBA5516002A2193 /* Build configuration list for PBXNativeTarget "PokemonCoreDataUITests" */ = {
			isa = XCConfigurationList;
			buildConfigurations = (
				04A768151FBA5516002A2193 /* Debug */,
				04A768161FBA5516002A2193 /* Release */,
			);
			defaultConfigurationIsVisible = 0;
			defaultConfigurationName = Release;
		};
/* End XCConfigurationList section */

/* Begin XCVersionGroup section */
		04A767ED1FBA5515002A2193 /* PokemonCoreData.xcdatamodeld */ = {
			isa = XCVersionGroup;
			children = (
				04A767EE1FBA5515002A2193 /* PokemonCoreData.xcdatamodel */,
			);
			currentVersion = 04A767EE1FBA5515002A2193 /* PokemonCoreData.xcdatamodel */;
			path = PokemonCoreData.xcdatamodeld;
			sourceTree = "<group>";
			versionGroupType = wrapper.xcdatamodel;
		};
/* End XCVersionGroup section */
	};
	rootObject = 04A767DB1FBA5515002A2193 /* Project object */;
}
